
Microsoft Visual Studio Solution File, Format Version 12.00
# Visual Studio 15
VisualStudioVersion = 15.0.28307.1340
MinimumVisualStudioVersion = 10.0.40219.1
Project("{9A19103F-16F7-4668-BE54-9A1E7A4F7556}") = "FearlessPOC", "FearlessPOC\FearlessPOC.csproj", "{1DE28C71-43FD-4CBA-A9AC-F02B870CD100}"
EndProject
Project("{E53339B2-1760-4266-BCC7-CA923CBCF16C}") = "docker-compose", "docker-compose.dcproj", "{7C3E9B75-EBED-4529-8DA6-0AD5D54BE32A}"
EndProject
Global
	GlobalSection(SolutionConfigurationPlatforms) = preSolution
		Debug|Any CPU = Debug|Any CPU
		Release|Any CPU = Release|Any CPU
	EndGlobalSection
	GlobalSection(ProjectConfigurationPlatforms) = postSolution
		{1DE28C71-43FD-4CBA-A9AC-F02B870CD100}.Debug|Any CPU.ActiveCfg = Debug|Any CPU
		{1DE28C71-43FD-4CBA-A9AC-F02B870CD100}.Debug|Any CPU.Build.0 = Debug|Any CPU
		{1DE28C71-43FD-4CBA-A9AC-F02B870CD100}.Release|Any CPU.ActiveCfg = Release|Any CPU
		{1DE28C71-43FD-4CBA-A9AC-F02B870CD100}.Release|Any CPU.Build.0 = Release|Any CPU
		{7C3E9B75-EBED-4529-8DA6-0AD5D54BE32A}.Debug|Any CPU.ActiveCfg = Debug|Any CPU
		{7C3E9B75-EBED-4529-8DA6-0AD5D54BE32A}.Debug|Any CPU.Build.0 = Debug|Any CPU
		{7C3E9B75-EBED-4529-8DA6-0AD5D54BE32A}.Release|Any CPU.ActiveCfg = Release|Any CPU
		{7C3E9B75-EBED-4529-8DA6-0AD5D54BE32A}.Release|Any CPU.Build.0 = Release|Any CPU
	EndGlobalSection
	GlobalSection(SolutionProperties) = preSolution
		HideSolutionNode = FALSE
	EndGlobalSection
	GlobalSection(ExtensibilityGlobals) = postSolution
		SolutionGuid = {F86453B5-F2FB-4564-AEBE-04ECE0B9B643}
	EndGlobalSection
EndGlobal
